
Microsoft Visual Studio Solution File, Format Version 12.00
# Visual Studio Version 17
VisualStudioVersion = 17.1.32328.378
MinimumVisualStudioVersion = 10.0.40219.1
Project("{FAE04EC0-301F-11D3-BF4B-00C04F79EFBC}") = "HotelListing.API", "HotelListing.API\HotelListing.API.csproj", "{757B7249-DF25-4BEE-B173-0EB8CBD17EBB}"
EndProject
Global
	GlobalSection(SolutionConfigurationPlatforms) = preSolution
		Debug|Any CPU = Debug|Any CPU
		Release|Any CPU = Release|Any CPU
	EndGlobalSection
	GlobalSection(ProjectConfigurationPlatforms) = postSolution
		{757B7249-DF25-4BEE-B173-0EB8CBD17EBB}.Debug|Any CPU.ActiveCfg = Debug|Any CPU
		{757B7249-DF25-4BEE-B173-0EB8CBD17EBB}.Debug|Any CPU.Build.0 = Debug|Any CPU
		{757B7249-DF25-4BEE-B173-0EB8CBD17EBB}.Release|Any CPU.ActiveCfg = Release|Any CPU
		{757B7249-DF25-4BEE-B173-0EB8CBD17EBB}.Release|Any CPU.Build.0 = Release|Any CPU
	EndGlobalSection
	GlobalSection(SolutionProperties) = preSolution
		HideSolutionNode = FALSE
	EndGlobalSection
	GlobalSection(ExtensibilityGlobals) = postSolution
		SolutionGuid = {E3762028-BB4D-47E8-BE59-A80EAB261A3B}
	EndGlobalSection
EndGlobal
